
Microsoft Visual Studio Solution File, Format Version 12.00
# Visual Studio Version 17
VisualStudioVersion = 17.5.002.0
MinimumVisualStudioVersion = 10.0.40219.1
Project("{9A19103F-16F7-4668-BE54-9A1E7A4F7556}") = "SleighList", "SleighList\SleighList.csproj", "{289AB735-7621-43E2-BA31-2337F7AA24A1}"
EndProject
Global
	GlobalSection(SolutionConfigurationPlatforms) = preSolution
		Debug|Any CPU = Debug|Any CPU
		Release|Any CPU = Release|Any CPU
	EndGlobalSection
	GlobalSection(ProjectConfigurationPlatforms) = postSolution
		{289AB735-7621-43E2-BA31-2337F7AA24A1}.Debug|Any CPU.ActiveCfg = Debug|Any CPU
		{289AB735-7621-43E2-BA31-2337F7AA24A1}.Debug|Any CPU.Build.0 = Debug|Any CPU
		{289AB735-7621-43E2-BA31-2337F7AA24A1}.Release|Any CPU.ActiveCfg = Release|Any CPU
		{289AB735-7621-43E2-BA31-2337F7AA24A1}.Release|Any CPU.Build.0 = Release|Any CPU
	EndGlobalSection
	GlobalSection(SolutionProperties) = preSolution
		HideSolutionNode = FALSE
	EndGlobalSection
	GlobalSection(ExtensibilityGlobals) = postSolution
		SolutionGuid = {F961DD89-7E86-4F58-9FF8-8EA049A9351E}
	EndGlobalSection
EndGlobal
